
Microsoft Visual Studio Solution File, Format Version 12.00
# Visual Studio Version 17
VisualStudioVersion = 17.13.35919.96 d17.13
MinimumVisualStudioVersion = 10.0.40219.1
Project("{FAE04EC0-301F-11D3-BF4B-00C04F79EFBC}") = "programa05", "programa05.csproj", "{CAC88C42-4160-46BF-BA91-BFBECEB4781D}"
EndProject
Global
	GlobalSection(SolutionConfigurationPlatforms) = preSolution
		Debug|Any CPU = Debug|Any CPU
		Release|Any CPU = Release|Any CPU
	EndGlobalSection
	GlobalSection(ProjectConfigurationPlatforms) = postSolution
		{CAC88C42-4160-46BF-BA91-BFBECEB4781D}.Debug|Any CPU.ActiveCfg = Debug|Any CPU
		{CAC88C42-4160-46BF-BA91-BFBECEB4781D}.Debug|Any CPU.Build.0 = Debug|Any CPU
		{CAC88C42-4160-46BF-BA91-BFBECEB4781D}.Release|Any CPU.ActiveCfg = Release|Any CPU
		{CAC88C42-4160-46BF-BA91-BFBECEB4781D}.Release|Any CPU.Build.0 = Release|Any CPU
	EndGlobalSection
	GlobalSection(SolutionProperties) = preSolution
		HideSolutionNode = FALSE
	EndGlobalSection
	GlobalSection(ExtensibilityGlobals) = postSolution
		SolutionGuid = {EBC78136-6126-4F77-AD8E-11AFCDE0F2B6}
	EndGlobalSection
EndGlobal
